{
  "name": "@ai-web-builder/agent-server",
  "version": "0.0.1",
  "lockfileVersion": 3,
  "requires": true,
  "packages": {
    "": {
      "name": "@ai-web-builder/agent-server",
      "version": "0.0.1",
      "dependencies": {
        "@hono/node-server": "^1.13.0",
        "@hono/node-ws": "^1.1.0",
        "@octokit/rest": "^22.0.1",
        "@opencode-ai/sdk": "^1.2.27",
        "hono": "^4.7.0",
        "jsonwebtoken": "^9.0.3",
        "zod": "^4.3.6"
      },
      "devDependencies": {
        "@types/jsonwebtoken": "^9.0.10"
      }
    },
    "node_modules/@hono/node-server": {
      "version": "1.19.11",
      "resolved": "https://registry.npmjs.org/@hono/node-server/-/node-server-1.19.11.tgz",
      "integrity": "sha512-dr8/3zEaB+p0D2n/IUrlPF1HZm586qgJNXK1a9fhg/PzdtkK7Ksd5l312tJX2yBuALqDYBlG20QEbayqPyxn+g==",
      "license": "MIT",
      "engines": {
        "node": ">=18.14.1"
      },
      "peerDependencies": {
        "hono": "^4"
      }
    },
    "node_modules/@hono/node-ws": {
      "version": "1.3.0",
      "resolved": "https://registry.npmjs.org/@hono/node-ws/-/node-ws-1.3.0.tgz",
      "integrity": "sha512-ju25YbbvLuXdqBCmLZLqnNYu1nbHIQjoyUqA8ApZOeL1k4skuiTcw5SW77/5SUYo2Xi2NVBJoVlfQurnKEp03Q==",
      "license": "MIT",
      "dependencies": {
        "ws": "^8.17.0"
      },
      "engines": {
        "node": ">=18.14.1"
      },
      "peerDependencies": {
        "@hono/node-server": "^1.19.2",
        "hono": "^4.6.0"
      }
    },
    "node_modules/@octokit/auth-token": {
      "version": "6.0.0",
      "resolved": "https://registry.npmjs.org/@octokit/auth-token/-/auth-token-6.0.0.tgz",
      "integrity": "sha512-P4YJBPdPSpWTQ1NU4XYdvHvXJJDxM6YwpS0FZHRgP7YFkdVxsWcpWGy/NVqlAA7PcPCnMacXlRm1y2PFZRWL/w==",
      "license": "MIT",
      "engines": {
        "node": ">= 20"
      }
    },
    "node_modules/@octokit/core": {
      "version": "7.0.6",
      "resolved": "https://registry.npmjs.org/@octokit/core/-/core-7.0.6.tgz",
      "integrity": "sha512-DhGl4xMVFGVIyMwswXeyzdL4uXD5OGILGX5N8Y+f6W7LhC1Ze2poSNrkF/fedpVDHEEZ+PHFW0vL14I+mm8K3Q==",
      "license": "MIT",
      "dependencies": {
        "@octokit/auth-token": "^6.0.0",
        "@octokit/graphql": "^9.0.3",
        "@octokit/request": "^10.0.6",
        "@octokit/request-error": "^7.0.2",
        "@octokit/types": "^16.0.0",
        "before-after-hook": "^4.0.0",
        "universal-user-agent": "^7.0.0"
      },
      "engines": {
        "node": ">= 20"
      }
    },
    "node_modules/@octokit/endpoint": {
      "version": "11.0.3",
      "resolved": "https://registry.npmjs.org/@octokit/endpoint/-/endpoint-11.0.3.tgz",
      "integrity": "sha512-FWFlNxghg4HrXkD3ifYbS/IdL/mDHjh9QcsNyhQjN8dplUoZbejsdpmuqdA76nxj2xoWPs7p8uX2SNr9rYu0Ag==",
      "license": "MIT",
      "dependencies": {
        "@octokit/types": "^16.0.0",
        "universal-user-agent": "^7.0.2"
      },
      "engines": {
        "node": ">= 20"
      }
    },
    "node_modules/@octokit/graphql": {
      "version": "9.0.3",
      "resolved": "https://registry.npmjs.org/@octokit/graphql/-/graphql-9.0.3.tgz",
      "integrity": "sha512-grAEuupr/C1rALFnXTv6ZQhFuL1D8G5y8CN04RgrO4FIPMrtm+mcZzFG7dcBm+nq+1ppNixu+Jd78aeJOYxlGA==",
      "license": "MIT",
      "dependencies": {
        "@octokit/request": "^10.0.6",
        "@octokit/types": "^16.0.0",
        "universal-user-agent": "^7.0.0"
      },
      "engines": {
        "node": ">= 20"
      }
    },
    "node_modules/@octokit/openapi-types": {
      "version": "27.0.0",
      "resolved": "https://registry.npmjs.org/@octokit/openapi-types/-/openapi-types-27.0.0.tgz",
      "integrity": "sha512-whrdktVs1h6gtR+09+QsNk2+FO+49j6ga1c55YZudfEG+oKJVvJLQi3zkOm5JjiUXAagWK2tI2kTGKJ2Ys7MGA==",
      "license": "MIT"
    },
    "node_modules/@octokit/plugin-paginate-rest": {
      "version": "14.0.0",
      "resolved": "https://registry.npmjs.org/@octokit/plugin-paginate-rest/-/plugin-paginate-rest-14.0.0.tgz",
      "integrity": "sha512-fNVRE7ufJiAA3XUrha2omTA39M6IXIc6GIZLvlbsm8QOQCYvpq/LkMNGyFlB1d8hTDzsAXa3OKtybdMAYsV/fw==",
      "license": "MIT",
      "dependencies": {
        "@octokit/types": "^16.0.0"
      },
      "engines": {
        "node": ">= 20"
      },
      "peerDependencies": {
        "@octokit/core": ">=6"
      }
    },
    "node_modules/@octokit/plugin-request-log": {
      "version": "6.0.0",
      "resolved": "https://registry.npmjs.org/@octokit/plugin-request-log/-/plugin-request-log-6.0.0.tgz",
      "integrity": "sha512-UkOzeEN3W91/eBq9sPZNQ7sUBvYCqYbrrD8gTbBuGtHEuycE4/awMXcYvx6sVYo7LypPhmQwwpUe4Yyu4QZN5Q==",
      "license": "MIT",
      "engines": {
        "node": ">= 20"
      },
      "peerDependencies": {
        "@octokit/core": ">=6"
      }
    },
    "node_modules/@octokit/plugin-rest-endpoint-methods": {
      "version": "17.0.0",
      "resolved": "https://registry.npmjs.org/@octokit/plugin-rest-endpoint-methods/-/plugin-rest-endpoint-methods-17.0.0.tgz",
      "integrity": "sha512-B5yCyIlOJFPqUUeiD0cnBJwWJO8lkJs5d8+ze9QDP6SvfiXSz1BF+91+0MeI1d2yxgOhU/O+CvtiZ9jSkHhFAw==",
      "license": "MIT",
      "dependencies": {
        "@octokit/types": "^16.0.0"
      },
      "engines": {
        "node": ">= 20"
      },
      "peerDependencies": {
        "@octokit/core": ">=6"
      }
    },
    "node_modules/@octokit/request": {
      "version": "10.0.8",
      "resolved": "https://registry.npmjs.org/@octokit/request/-/request-10.0.8.tgz",
      "integrity": "sha512-SJZNwY9pur9Agf7l87ywFi14W+Hd9Jg6Ifivsd33+/bGUQIjNujdFiXII2/qSlN2ybqUHfp5xpekMEjIBTjlSw==",
      "license": "MIT",
      "dependencies": {
        "@octokit/endpoint": "^11.0.3",
        "@octokit/request-error": "^7.0.2",
        "@octokit/types": "^16.0.0",
        "fast-content-type-parse": "^3.0.0",
        "json-with-bigint": "^3.5.3",
        "universal-user-agent": "^7.0.2"
      },
      "engines": {
        "node": ">= 20"
      }
    },
    "node_modules/@octokit/request-error": {
      "version": "7.1.0",
      "resolved": "https://registry.npmjs.org/@octokit/request-error/-/request-error-7.1.0.tgz",
      "integrity": "sha512-KMQIfq5sOPpkQYajXHwnhjCC0slzCNScLHs9JafXc4RAJI+9f+jNDlBNaIMTvazOPLgb4BnlhGJOTbnN0wIjPw==",
      "license": "MIT",
      "dependencies": {
        "@octokit/types": "^16.0.0"
      },
      "engines": {
        "node": ">= 20"
      }
    },
    "node_modules/@octokit/rest": {
      "version": "22.0.1",
      "resolved": "https://registry.npmjs.org/@octokit/rest/-/rest-22.0.1.tgz",
      "integrity": "sha512-Jzbhzl3CEexhnivb1iQ0KJ7s5vvjMWcmRtq5aUsKmKDrRW6z3r84ngmiFKFvpZjpiU/9/S6ITPFRpn5s/3uQJw==",
      "license": "MIT",
      "dependencies": {
        "@octokit/core": "^7.0.6",
        "@octokit/plugin-paginate-rest": "^14.0.0",
        "@octokit/plugin-request-log": "^6.0.0",
        "@octokit/plugin-rest-endpoint-methods": "^17.0.0"
      },
      "engines": {
        "node": ">= 20"
      }
    },
    "node_modules/@octokit/types": {
      "version": "16.0.0",
      "resolved": "https://registry.npmjs.org/@octokit/types/-/types-16.0.0.tgz",
      "integrity": "sha512-sKq+9r1Mm4efXW1FCk7hFSeJo4QKreL/tTbR0rz/qx/r1Oa2VV83LTA/H/MuCOX7uCIJmQVRKBcbmWoySjAnSg==",
      "license": "MIT",
      "dependencies": {
        "@octokit/openapi-types": "^27.0.0"
      }
    },
    "node_modules/@opencode-ai/sdk": {
      "version": "1.2.27",
      "resolved": "https://registry.npmjs.org/@opencode-ai/sdk/-/sdk-1.2.27.tgz",
      "integrity": "sha512-Wk0o/I+Fo+wE3zgvlJDs8Fb67KlKqX0PrV8dK5adSDkANq6r4Z25zXJg2iOir+a8ntg3rAcpel1OY4FV/TwRUA==",
      "license": "MIT"
    },
    "node_modules/@types/jsonwebtoken": {
      "version": "9.0.10",
      "resolved": "https://registry.npmjs.org/@types/jsonwebtoken/-/jsonwebtoken-9.0.10.tgz",
      "integrity": "sha512-asx5hIG9Qmf/1oStypjanR7iKTv0gXQ1Ov/jfrX6kS/EO0OFni8orbmGCn0672NHR3kXHwpAwR+B368ZGN/2rA==",
      "dev": true,
      "license": "MIT",
      "dependencies": {
        "@types/ms": "*",
        "@types/node": "*"
      }
    },
    "node_modules/@types/ms": {
      "version": "2.1.0",
      "resolved": "https://registry.npmjs.org/@types/ms/-/ms-2.1.0.tgz",
      "integrity": "sha512-GsCCIZDE/p3i96vtEqx+7dBUGXrc7zeSK3wwPHIaRThS+9OhWIXRqzs4d6k1SVU8g91DrNRWxWUGhp5KXQb2VA==",
      "dev": true,
      "license": "MIT"
    },
    "node_modules/@types/node": {
      "version": "25.5.0",
      "resolved": "https://registry.npmjs.org/@types/node/-/node-25.5.0.tgz",
      "integrity": "sha512-jp2P3tQMSxWugkCUKLRPVUpGaL5MVFwF8RDuSRztfwgN1wmqJeMSbKlnEtQqU8UrhTmzEmZdu2I6v2dpp7XIxw==",
      "dev": true,
      "license": "MIT",
      "dependencies": {
        "undici-types": "~7.18.0"
      }
    },
    "node_modules/before-after-hook": {
      "version": "4.0.0",
      "resolved": "https://registry.npmjs.org/before-after-hook/-/before-after-hook-4.0.0.tgz",
      "integrity": "sha512-q6tR3RPqIB1pMiTRMFcZwuG5T8vwp+vUvEG0vuI6B+Rikh5BfPp2fQ82c925FOs+b0lcFQ8CFrL+KbilfZFhOQ==",
      "license": "Apache-2.0"
    },
    "node_modules/buffer-equal-constant-time": {
      "version": "1.0.1",
      "resolved": "https://registry.npmjs.org/buffer-equal-constant-time/-/buffer-equal-constant-time-1.0.1.tgz",
      "integrity": "sha512-zRpUiDwd/xk6ADqPMATG8vc9VPrkck7T07OIx0gnjmJAnHnTVXNQG3vfvWNuiZIkwu9KrKdA1iJKfsfTVxE6NA==",
      "license": "BSD-3-Clause"
    },
    "node_modules/ecdsa-sig-formatter": {
      "version": "1.0.11",
      "resolved": "https://registry.npmjs.org/ecdsa-sig-formatter/-/ecdsa-sig-formatter-1.0.11.tgz",
      "integrity": "sha512-nagl3RYrbNv6kQkeJIpt6NJZy8twLB/2vtz6yN9Z4vRKHN4/QZJIEbqohALSgwKdnksuY3k5Addp5lg8sVoVcQ==",
      "license": "Apache-2.0",
      "dependencies": {
        "safe-buffer": "^5.0.1"
      }
    },
    "node_modules/fast-content-type-parse": {
      "version": "3.0.0",
      "resolved": "https://registry.npmjs.org/fast-content-type-parse/-/fast-content-type-parse-3.0.0.tgz",
      "integrity": "sha512-ZvLdcY8P+N8mGQJahJV5G4U88CSvT1rP8ApL6uETe88MBXrBHAkZlSEySdUlyztF7ccb+Znos3TFqaepHxdhBg==",
      "funding": [
        {
          "type": "github",
          "url": "https://github.com/sponsors/fastify"
        },
        {
          "type": "opencollective",
          "url": "https://opencollective.com/fastify"
        }
      ],
      "license": "MIT"
    },
    "node_modules/hono": {
      "version": "4.12.8",
      "resolved": "https://registry.npmjs.org/hono/-/hono-4.12.8.tgz",
      "integrity": "sha512-VJCEvtrezO1IAR+kqEYnxUOoStaQPGrCmX3j4wDTNOcD1uRPFpGlwQUIW8niPuvHXaTUxeOUl5MMDGrl+tmO9A==",
      "license": "MIT",
      "engines": {
        "node": ">=16.9.0"
      }
    },
    "node_modules/json-with-bigint": {
      "version": "3.5.7",
      "resolved": "https://registry.npmjs.org/json-with-bigint/-/json-with-bigint-3.5.7.tgz",
      "integrity": "sha512-7ei3MdAI5+fJPVnKlW77TKNKwQ5ppSzWvhPuSuINT/GYW9ZOC1eRKOuhV9yHG5aEsUPj9BBx5JIekkmoLHxZOw==",
      "license": "MIT"
    },
    "node_modules/jsonwebtoken": {
      "version": "9.0.3",
      "resolved": "https://registry.npmjs.org/jsonwebtoken/-/jsonwebtoken-9.0.3.tgz",
      "integrity": "sha512-MT/xP0CrubFRNLNKvxJ2BYfy53Zkm++5bX9dtuPbqAeQpTVe0MQTFhao8+Cp//EmJp244xt6Drw/GVEGCUj40g==",
      "license": "MIT",
      "dependencies": {
        "jws": "^4.0.1",
        "lodash.includes": "^4.3.0",
        "lodash.isboolean": "^3.0.3",
        "lodash.isinteger": "^4.0.4",
        "lodash.isnumber": "^3.0.3",
        "lodash.isplainobject": "^4.0.6",
        "lodash.isstring": "^4.0.1",
        "lodash.once": "^4.0.0",
        "ms": "^2.1.1",
        "semver": "^7.5.4"
      },
      "engines": {
        "node": ">=12",
        "npm": ">=6"
      }
    },
    "node_modules/jwa": {
      "version": "2.0.1",
      "resolved": "https://registry.npmjs.org/jwa/-/jwa-2.0.1.tgz",
      "integrity": "sha512-hRF04fqJIP8Abbkq5NKGN0Bbr3JxlQ+qhZufXVr0DvujKy93ZCbXZMHDL4EOtodSbCWxOqR8MS1tXA5hwqCXDg==",
      "license": "MIT",
      "dependencies": {
        "buffer-equal-constant-time": "^1.0.1",
        "ecdsa-sig-formatter": "1.0.11",
        "safe-buffer": "^5.0.1"
      }
    },
    "node_modules/jws": {
      "version": "4.0.1",
      "resolved": "https://registry.npmjs.org/jws/-/jws-4.0.1.tgz",
      "integrity": "sha512-EKI/M/yqPncGUUh44xz0PxSidXFr/+r0pA70+gIYhjv+et7yxM+s29Y+VGDkovRofQem0fs7Uvf4+YmAdyRduA==",
      "license": "MIT",
      "dependencies": {
        "jwa": "^2.0.1",
        "safe-buffer": "^5.0.1"
      }
    },
    "node_modules/lodash.includes": {
      "version": "4.3.0",
      "resolved": "https://registry.npmjs.org/lodash.includes/-/lodash.includes-4.3.0.tgz",
      "integrity": "sha512-W3Bx6mdkRTGtlJISOvVD/lbqjTlPPUDTMnlXZFnVwi9NKJ6tiAk6LVdlhZMm17VZisqhKcgzpO5Wz91PCt5b0w==",
      "license": "MIT"
    },
    "node_modules/lodash.isboolean": {
      "version": "3.0.3",
      "resolved": "https://registry.npmjs.org/lodash.isboolean/-/lodash.isboolean-3.0.3.tgz",
      "integrity": "sha512-Bz5mupy2SVbPHURB98VAcw+aHh4vRV5IPNhILUCsOzRmsTmSQ17jIuqopAentWoehktxGd9e/hbIXq980/1QJg==",
      "license": "MIT"
    },
    "node_modules/lodash.isinteger": {
      "version": "4.0.4",
      "resolved": "https://registry.npmjs.org/lodash.isinteger/-/lodash.isinteger-4.0.4.tgz",
      "integrity": "sha512-DBwtEWN2caHQ9/imiNeEA5ys1JoRtRfY3d7V9wkqtbycnAmTvRRmbHKDV4a0EYc678/dia0jrte4tjYwVBaZUA==",
      "license": "MIT"
    },
    "node_modules/lodash.isnumber": {
      "version": "3.0.3",
      "resolved": "https://registry.npmjs.org/lodash.isnumber/-/lodash.isnumber-3.0.3.tgz",
      "integrity": "sha512-QYqzpfwO3/CWf3XP+Z+tkQsfaLL/EnUlXWVkIk5FUPc4sBdTehEqZONuyRt2P67PXAk+NXmTBcc97zw9t1FQrw==",
      "license": "MIT"
    },
    "node_modules/lodash.isplainobject": {
      "version": "4.0.6",
      "resolved": "https://registry.npmjs.org/lodash.isplainobject/-/lodash.isplainobject-4.0.6.tgz",
      "integrity": "sha512-oSXzaWypCMHkPC3NvBEaPHf0KsA5mvPrOPgQWDsbg8n7orZ290M0BmC/jgRZ4vcJ6DTAhjrsSYgdsW/F+MFOBA==",
      "license": "MIT"
    },
    "node_modules/lodash.isstring": {
      "version": "4.0.1",
      "resolved": "https://registry.npmjs.org/lodash.isstring/-/lodash.isstring-4.0.1.tgz",
      "integrity": "sha512-0wJxfxH1wgO3GrbuP+dTTk7op+6L41QCXbGINEmD+ny/G/eCqGzxyCsh7159S+mgDDcoarnBw6PC1PS5+wUGgw==",
      "license": "MIT"
    },
    "node_modules/lodash.once": {
      "version": "4.1.1",
      "resolved": "https://registry.npmjs.org/lodash.once/-/lodash.once-4.1.1.tgz",
      "integrity": "sha512-Sb487aTOCr9drQVL8pIxOzVhafOjZN9UU54hiN8PU3uAiSV7lx1yYNpbNmex2PK6dSJoNTSJUUswT651yww3Mg==",
      "license": "MIT"
    },
    "node_modules/ms": {
      "version": "2.1.3",
      "resolved": "https://registry.npmjs.org/ms/-/ms-2.1.3.tgz",
      "integrity": "sha512-6FlzubTLZG3J2a/NVCAleEhjzq5oxgHyaCU9yYXvcLsvoVaHJq/s5xXI6/XXP6tz7R9xAOtHnSO/tXtF3WRTlA==",
      "license": "MIT"
    },
    "node_modules/safe-buffer": {
      "version": "5.2.1",
      "resolved": "https://registry.npmjs.org/safe-buffer/-/safe-buffer-5.2.1.tgz",
      "integrity": "sha512-rp3So07KcdmmKbGvgaNxQSJr7bGVSVk5S9Eq1F+ppbRo70+YeaDxkw5Dd8NPN+GD6bjnYm2VuPuCXmpuYvmCXQ==",
      "funding": [
        {
          "type": "github",
          "url": "https://github.com/sponsors/feross"
        },
        {
          "type": "patreon",
          "url": "https://www.patreon.com/feross"
        },
        {
          "type": "consulting",
          "url": "https://feross.org/support"
        }
      ],
      "license": "MIT"
    },
    "node_modules/semver": {
      "version": "7.7.4",
      "resolved": "https://registry.npmjs.org/semver/-/semver-7.7.4.tgz",
      "integrity": "sha512-vFKC2IEtQnVhpT78h1Yp8wzwrf8CM+MzKMHGJZfBtzhZNycRFnXsHk6E5TxIkkMsgNS7mdX3AGB7x2QM2di4lA==",
      "license": "ISC",
      "bin": {
        "semver": "bin/semver.js"
      },
      "engines": {
        "node": ">=10"
      }
    },
    "node_modules/undici-types": {
      "version": "7.18.2",
      "resolved": "https://registry.npmjs.org/undici-types/-/undici-types-7.18.2.tgz",
      "integrity": "sha512-AsuCzffGHJybSaRrmr5eHr81mwJU3kjw6M+uprWvCXiNeN9SOGwQ3Jn8jb8m3Z6izVgknn1R0FTCEAP2QrLY/w==",
      "dev": true,
      "license": "MIT"
    },
    "node_modules/universal-user-agent": {
      "version": "7.0.3",
      "resolved": "https://registry.npmjs.org/universal-user-agent/-/universal-user-agent-7.0.3.tgz",
      "integrity": "sha512-TmnEAEAsBJVZM/AADELsK76llnwcf9vMKuPz8JflO1frO8Lchitr0fNaN9d+Ap0BjKtqWqd/J17qeDnXh8CL2A==",
      "license": "ISC"
    },
    "node_modules/ws": {
      "version": "8.19.0",
      "resolved": "https://registry.npmjs.org/ws/-/ws-8.19.0.tgz",
      "integrity": "sha512-blAT2mjOEIi0ZzruJfIhb3nps74PRWTCz1IjglWEEpQl5XS/UNama6u2/rjFkDDouqr4L67ry+1aGIALViWjDg==",
      "license": "MIT",
      "engines": {
        "node": ">=10.0.0"
      },
      "peerDependencies": {
        "bufferutil": "^4.0.1",
        "utf-8-validate": ">=5.0.2"
      },
      "peerDependenciesMeta": {
        "bufferutil": {
          "optional": true
        },
        "utf-8-validate": {
          "optional": true
        }
      }
    },
    "node_modules/zod": {
      "version": "4.3.6",
      "resolved": "https://registry.npmjs.org/zod/-/zod-4.3.6.tgz",
      "integrity": "sha512-rftlrkhHZOcjDwkGlnUtZZkvaPHCsDATp4pGpuOOMDaTdDDXF91wuVDJoWoPsKX/3YPQ5fHuF3STjcYyKr+Qhg==",
      "license": "MIT",
      "funding": {
        "url": "https://github.com/sponsors/colinhacks"
      }
    }
  }
}
